// !$*UTF8*$!
{
	archiveVersion = 1;
	classes = {
	};
	objectVersion = 56;
	objects = {

/* Begin PBXBuildFile section */
		2649E1A52B044C37003CA70C /* TransitionView.swift in Sources */ = {isa = PBXBuildFile; fileRef = 2649E1A42B044C37003CA70C /* TransitionView.swift */; };
		2649E1A72B044FEB003CA70C /* CategoryView.swift in Sources */ = {isa = PBXBuildFile; fileRef = 2649E1A62B044FEB003CA70C /* CategoryView.swift */; };
		2657F3942B01A85800E3A22E /* SeSac3SwiftUIApp.swift in Sources */ = {isa = PBXBuildFile; fileRef = 2657F3932B01A85800E3A22E /* SeSac3SwiftUIApp.swift */; };
		2657F3962B01A85800E3A22E /* ContentView.swift in Sources */ = {isa = PBXBuildFile; fileRef = 2657F3952B01A85800E3A22E /* ContentView.swift */; };
		2657F3982B01A85A00E3A22E /* Assets.xcassets in Resources */ = {isa = PBXBuildFile; fileRef = 2657F3972B01A85A00E3A22E /* Assets.xcassets */; };
		2657F39B2B01A85A00E3A22E /* Preview Assets.xcassets in Resources */ = {isa = PBXBuildFile; fileRef = 2657F39A2B01A85A00E3A22E /* Preview Assets.xcassets */; };
		2657F3A22B01B96400E3A22E /* MenuView.swift in Sources */ = {isa = PBXBuildFile; fileRef = 2657F3A12B01B96400E3A22E /* MenuView.swift */; };
		2657F3A42B01C89400E3A22E /* RenderView.swift in Sources */ = {isa = PBXBuildFile; fileRef = 2657F3A32B01C89400E3A22E /* RenderView.swift */; };
		26F4937A2B03071300AA68E7 /* TamagochiView.swift in Sources */ = {isa = PBXBuildFile; fileRef = 26F493792B03071300AA68E7 /* TamagochiView.swift */; };
		26F4937C2B03379F00AA68E7 /* ThumbnailView.swift in Sources */ = {isa = PBXBuildFile; fileRef = 26F4937B2B03379F00AA68E7 /* ThumbnailView.swift */; };
/* End PBXBuildFile section */

/* Begin PBXFileReference section */
		2649E1A42B044C37003CA70C /* TransitionView.swift */ = {isa = PBXFileReference; lastKnownFileType = sourcecode.swift; path = TransitionView.swift; sourceTree = "<group>"; };
		2649E1A62B044FEB003CA70C /* CategoryView.swift */ = {isa = PBXFileReference; lastKnownFileType = sourcecode.swift; path = CategoryView.swift; sourceTree = "<group>"; };
		2657F3902B01A85800E3A22E /* SeSac3SwiftUI.app */ = {isa = PBXFileReference; explicitFileType = wrapper.application; includeInIndex = 0; path = SeSac3SwiftUI.app; sourceTree = BUILT_PRODUCTS_DIR; };
		2657F3932B01A85800E3A22E /* SeSac3SwiftUIApp.swift */ = {isa = PBXFileReference; lastKnownFileType = sourcecode.swift; path = SeSac3SwiftUIApp.swift; sourceTree = "<group>"; };
		2657F3952B01A85800E3A22E /* ContentView.swift */ = {isa = PBXFileReference; lastKnownFileType = sourcecode.swift; path = ContentView.swift; sourceTree = "<group>"; };
		2657F3972B01A85A00E3A22E /* Assets.xcassets */ = {isa = PBXFileReference; lastKnownFileType = folder.assetcatalog; path = Assets.xcassets; sourceTree = "<group>"; };
		2657F39A2B01A85A00E3A22E /* Preview Assets.xcassets */ = {isa = PBXFileReference; lastKnownFileType = folder.assetcatalog; path = "Preview Assets.xcassets"; sourceTree = "<group>"; };
		2657F3A12B01B96400E3A22E /* MenuView.swift */ = {isa = PBXFileReference; lastKnownFileType = sourcecode.swift; path = MenuView.swift; sourceTree = "<group>"; };
		2657F3A32B01C89400E3A22E /* RenderView.swift */ = {isa = PBXFileReference; lastKnownFileType = sourcecode.swift; path = RenderView.swift; sourceTree = "<group>"; };
		26F493792B03071300AA68E7 /* TamagochiView.swift */ = {isa = PBXFileReference; lastKnownFileType = sourcecode.swift; path = TamagochiView.swift; sourceTree = "<group>"; };
		26F4937B2B03379F00AA68E7 /* ThumbnailView.swift */ = {isa = PBXFileReference; lastKnownFileType = sourcecode.swift; path = ThumbnailView.swift; sourceTree = "<group>"; };
/* End PBXFileReference section */

/* Begin PBXFrameworksBuildPhase section */
		2657F38D2B01A85700E3A22E /* Frameworks */ = {
			isa = PBXFrameworksBuildPhase;
			buildActionMask = 2147483647;
			files = (
			);
			runOnlyForDeploymentPostprocessing = 0;
		};
/* End PBXFrameworksBuildPhase section */

/* Begin PBXGroup section */
		2657F3872B01A85700E3A22E = {
			isa = PBXGroup;
			children = (
				2657F3922B01A85800E3A22E /* SeSac3SwiftUI */,
				2657F3912B01A85800E3A22E /* Products */,
			);
			sourceTree = "<group>";
		};
		2657F3912B01A85800E3A22E /* Products */ = {
			isa = PBXGroup;
			children = (
				2657F3902B01A85800E3A22E /* SeSac3SwiftUI.app */,
			);
			name = Products;
			sourceTree = "<group>";
		};
		2657F3922B01A85800E3A22E /* SeSac3SwiftUI */ = {
			isa = PBXGroup;
			children = (
				2657F3932B01A85800E3A22E /* SeSac3SwiftUIApp.swift */,
				2657F3952B01A85800E3A22E /* ContentView.swift */,
				2657F3A12B01B96400E3A22E /* MenuView.swift */,
				2657F3A32B01C89400E3A22E /* RenderView.swift */,
				26F493792B03071300AA68E7 /* TamagochiView.swift */,
				26F4937B2B03379F00AA68E7 /* ThumbnailView.swift */,
				2649E1A42B044C37003CA70C /* TransitionView.swift */,
				2649E1A62B044FEB003CA70C /* CategoryView.swift */,
				2657F3972B01A85A00E3A22E /* Assets.xcassets */,
				2657F3992B01A85A00E3A22E /* Preview Content */,
			);
			path = SeSac3SwiftUI;
			sourceTree = "<group>";
		};
		2657F3992B01A85A00E3A22E /* Preview Content */ = {
			isa = PBXGroup;
			children = (
				2657F39A2B01A85A00E3A22E /* Preview Assets.xcassets */,
			);
			path = "Preview Content";
			sourceTree = "<group>";
		};
/* End PBXGroup section */

/* Begin PBXNativeTarget section */
		2657F38F2B01A85700E3A22E /* SeSac3SwiftUI */ = {
			isa = PBXNativeTarget;
			buildConfigurationList = 2657F39E2B01A85A00E3A22E /* Build configuration list for PBXNativeTarget "SeSac3SwiftUI" */;
			buildPhases = (
				2657F38C2B01A85700E3A22E /* Sources */,
				2657F38D2B01A85700E3A22E /* Frameworks */,
				2657F38E2B01A85700E3A22E /* Resources */,
			);
			buildRules = (
			);
			dependencies = (
			);
			name = SeSac3SwiftUI;
			productName = SeSac3SwiftUI;
			productReference = 2657F3902B01A85800E3A22E /* SeSac3SwiftUI.app */;
			productType = "com.apple.product-type.application";
		};
/* End PBXNativeTarget section */

/* Begin PBXProject section */
		2657F3882B01A85700E3A22E /* Project object */ = {
			isa = PBXProject;
			attributes = {
				BuildIndependentTargetsInParallel = 1;
				LastSwiftUpdateCheck = 1430;
				LastUpgradeCheck = 1430;
				TargetAttributes = {
					2657F38F2B01A85700E3A22E = {
						CreatedOnToolsVersion = 14.3.1;
					};
				};
			};
			buildConfigurationList = 2657F38B2B01A85700E3A22E /* Build configuration list for PBXProject "SeSac3SwiftUI" */;
			compatibilityVersion = "Xcode 14.0";
			developmentRegion = en;
			hasScannedForEncodings = 0;
			knownRegions = (
				en,
				Base,
			);
			mainGroup = 2657F3872B01A85700E3A22E;
			productRefGroup = 2657F3912B01A85800E3A22E /* Products */;
			projectDirPath = "";
			projectRoot = "";
			targets = (
				2657F38F2B01A85700E3A22E /* SeSac3SwiftUI */,
			);
		};
/* End PBXProject section */

/* Begin PBXResourcesBuildPhase section */
		2657F38E2B01A85700E3A22E /* Resources */ = {
			isa = PBXResourcesBuildPhase;
			buildActionMask = 2147483647;
			files = (
				2657F39B2B01A85A00E3A22E /* Preview Assets.xcassets in Resources */,
				2657F3982B01A85A00E3A22E /* Assets.xcassets in Resources */,
			);
			runOnlyForDeploymentPostprocessing = 0;
		};
/* End PBXResourcesBuildPhase section */

/* Begin PBXSourcesBuildPhase section */
		2657F38C2B01A85700E3A22E /* Sources */ = {
			isa = PBXSourcesBuildPhase;
			buildActionMask = 2147483647;
			files = (
				2657F3962B01A85800E3A22E /* ContentView.swift in Sources */,
				26F4937A2B03071300AA68E7 /* TamagochiView.swift in Sources */,
				2657F3A22B01B96400E3A22E /* MenuView.swift in Sources */,
				2649E1A52B044C37003CA70C /* TransitionView.swift in Sources */,
				26F4937C2B03379F00AA68E7 /* ThumbnailView.swift in Sources */,
				2657F3A42B01C89400E3A22E /* RenderView.swift in Sources */,
				2649E1A72B044FEB003CA70C /* CategoryView.swift in Sources */,
				2657F3942B01A85800E3A22E /* SeSac3SwiftUIApp.swift in Sources */,
			);
			runOnlyForDeploymentPostprocessing = 0;
		};
/* End PBXSourcesBuildPhase section */

/* Begin XCBuildConfiguration section */
		2657F39C2B01A85A00E3A22E /* Debug */ = {
			isa = XCBuildConfiguration;
			buildSettings = {
				ALWAYS_SEARCH_USER_PATHS = NO;
				CLANG_ANALYZER_NONNULL = YES;
				CLANG_ANALYZER_NUMBER_OBJECT_CONVERSION = YES_AGGRESSIVE;
				CLANG_CXX_LANGUAGE_STANDARD = "gnu++20";
				CLANG_ENABLE_MODULES = YES;
				CLANG_ENABLE_OBJC_ARC = YES;
				CLANG_ENABLE_OBJC_WEAK = YES;
				CLANG_WARN_BLOCK_CAPTURE_AUTORELEASING = YES;
				CLANG_WARN_BOOL_CONVERSION = YES;
				CLANG_WARN_COMMA = YES;
				CLANG_WARN_CONSTANT_CONVERSION = YES;
				CLANG_WARN_DEPRECATED_OBJC_IMPLEMENTATIONS = YES;
				CLANG_WARN_DIRECT_OBJC_ISA_USAGE = YES_ERROR;
				CLANG_WARN_DOCUMENTATION_COMMENTS = YES;
				CLANG_WARN_EMPTY_BODY = YES;
				CLANG_WARN_ENUM_CONVERSION = YES;
				CLANG_WARN_INFINITE_RECURSION = YES;
				CLANG_WARN_INT_CONVERSION = YES;
				CLANG_WARN_NON_LITERAL_NULL_CONVERSION = YES;
				CLANG_WARN_OBJC_IMPLICIT_RETAIN_SELF = YES;
				CLANG_WARN_OBJC_LITERAL_CONVERSION = YES;
				CLANG_WARN_OBJC_ROOT_CLASS = YES_ERROR;
				CLANG_WARN_QUOTED_INCLUDE_IN_FRAMEWORK_HEADER = YES;
				CLANG_WARN_RANGE_LOOP_ANALYSIS = YES;
				CLANG_WARN_STRICT_PROTOTYPES = YES;
				CLANG_WARN_SUSPICIOUS_MOVE = YES;
				CLANG_WARN_UNGUARDED_AVAILABILITY = YES_AGGRESSIVE;
				CLANG_WARN_UNREACHABLE_CODE = YES;
				CLANG_WARN__DUPLICATE_METHOD_MATCH = YES;
				COPY_PHASE_STRIP = NO;
				DEBUG_INFORMATION_FORMAT = dwarf;
				ENABLE_STRICT_OBJC_MSGSEND = YES;
				ENABLE_TESTABILITY = YES;
				GCC_C_LANGUAGE_STANDARD = gnu11;
				GCC_DYNAMIC_NO_PIC = NO;
				GCC_NO_COMMON_BLOCKS = YES;
				GCC_OPTIMIZATION_LEVEL = 0;
				GCC_PREPROCESSOR_DEFINITIONS = (
					"DEBUG=1",
					"$(inherited)",
				);
				GCC_WARN_64_TO_32_BIT_CONVERSION = YES;
				GCC_WARN_ABOUT_RETURN_TYPE = YES_ERROR;
				GCC_WARN_UNDECLARED_SELECTOR = YES;
				GCC_WARN_UNINITIALIZED_AUTOS = YES_AGGRESSIVE;
				GCC_WARN_UNUSED_FUNCTION = YES;
				GCC_WARN_UNUSED_VARIABLE = YES;
				IPHONEOS_DEPLOYMENT_TARGET = 16.4;
				MTL_ENABLE_DEBUG_INFO = INCLUDE_SOURCE;
				MTL_FAST_MATH = YES;
				ONLY_ACTIVE_ARCH = YES;
				SDKROOT = iphoneos;
				SWIFT_ACTIVE_COMPILATION_CONDITIONS = DEBUG;
				SWIFT_OPTIMIZATION_LEVEL = "-Onone";
			};
			name = Debug;
		};
		2657F39D2B01A85A00E3A22E /* Release */ = {
			isa = XCBuildConfiguration;
			buildSettings = {
				ALWAYS_SEARCH_USER_PATHS = NO;
				CLANG_ANALYZER_NONNULL = YES;
				CLANG_ANALYZER_NUMBER_OBJECT_CONVERSION = YES_AGGRESSIVE;
				CLANG_CXX_LANGUAGE_STANDARD = "gnu++20";
				CLANG_ENABLE_MODULES = YES;
				CLANG_ENABLE_OBJC_ARC = YES;
				CLANG_ENABLE_OBJC_WEAK = YES;
				CLANG_WARN_BLOCK_CAPTURE_AUTORELEASING = YES;
				CLANG_WARN_BOOL_CONVERSION = YES;
				CLANG_WARN_COMMA = YES;
				CLANG_WARN_CONSTANT_CONVERSION = YES;
				CLANG_WARN_DEPRECATED_OBJC_IMPLEMENTATIONS = YES;
				CLANG_WARN_DIRECT_OBJC_ISA_USAGE = YES_ERROR;
				CLANG_WARN_DOCUMENTATION_COMMENTS = YES;
				CLANG_WARN_EMPTY_BODY = YES;
				CLANG_WARN_ENUM_CONVERSION = YES;
				CLANG_WARN_INFINITE_RECURSION = YES;
				CLANG_WARN_INT_CONVERSION = YES;
				CLANG_WARN_NON_LITERAL_NULL_CONVERSION = YES;
				CLANG_WARN_OBJC_IMPLICIT_RETAIN_SELF = YES;
				CLANG_WARN_OBJC_LITERAL_CONVERSION = YES;
				CLANG_WARN_OBJC_ROOT_CLASS = YES_ERROR;
				CLANG_WARN_QUOTED_INCLUDE_IN_FRAMEWORK_HEADER = YES;
				CLANG_WARN_RANGE_LOOP_ANALYSIS = YES;
				CLANG_WARN_STRICT_PROTOTYPES = YES;
				CLANG_WARN_SUSPICIOUS_MOVE = YES;
				CLANG_WARN_UNGUARDED_AVAILABILITY = YES_AGGRESSIVE;
				CLANG_WARN_UNREACHABLE_CODE = YES;
				CLANG_WARN__DUPLICATE_METHOD_MATCH = YES;
				COPY_PHASE_STRIP = NO;
				DEBUG_INFORMATION_FORMAT = "dwarf-with-dsym";
				ENABLE_NS_ASSERTIONS = NO;
				ENABLE_STRICT_OBJC_MSGSEND = YES;
				GCC_C_LANGUAGE_STANDARD = gnu11;
				GCC_NO_COMMON_BLOCKS = YES;
				GCC_WARN_64_TO_32_BIT_CONVERSION = YES;
				GCC_WARN_ABOUT_RETURN_TYPE = YES_ERROR;
				GCC_WARN_UNDECLARED_SELECTOR = YES;
				GCC_WARN_UNINITIALIZED_AUTOS = YES_AGGRESSIVE;
				GCC_WARN_UNUSED_FUNCTION = YES;
				GCC_WARN_UNUSED_VARIABLE = YES;
				IPHONEOS_DEPLOYMENT_TARGET = 16.4;
				MTL_ENABLE_DEBUG_INFO = NO;
				MTL_FAST_MATH = YES;
				SDKROOT = iphoneos;
				SWIFT_COMPILATION_MODE = wholemodule;
				SWIFT_OPTIMIZATION_LEVEL = "-O";
				VALIDATE_PRODUCT = YES;
			};
			name = Release;
		};
		2657F39F2B01A85A00E3A22E /* Debug */ = {
			isa = XCBuildConfiguration;
			buildSettings = {
				ASSETCATALOG_COMPILER_APPICON_NAME = AppIcon;
				ASSETCATALOG_COMPILER_GLOBAL_ACCENT_COLOR_NAME = AccentColor;
				CODE_SIGN_STYLE = Automatic;
				CURRENT_PROJECT_VERSION = 1;
				DEVELOPMENT_ASSET_PATHS = "\"SeSac3SwiftUI/Preview Content\"";
				ENABLE_PREVIEWS = YES;
				GENERATE_INFOPLIST_FILE = YES;
				INFOPLIST_KEY_UIApplicationSceneManifest_Generation = YES;
				INFOPLIST_KEY_UIApplicationSupportsIndirectInputEvents = YES;
				INFOPLIST_KEY_UILaunchScreen_Generation = YES;
				INFOPLIST_KEY_UISupportedInterfaceOrientations_iPad = "UIInterfaceOrientationPortrait UIInterfaceOrientationPortraitUpsideDown UIInterfaceOrientationLandscapeLeft UIInterfaceOrientationLandscapeRight";
				INFOPLIST_KEY_UISupportedInterfaceOrientations_iPhone = "UIInterfaceOrientationPortrait UIInterfaceOrientationLandscapeLeft UIInterfaceOrientationLandscapeRight";
				LD_RUNPATH_SEARCH_PATHS = (
					"$(inherited)",
					"@executable_path/Frameworks",
				);
				MARKETING_VERSION = 1.0;
				PRODUCT_BUNDLE_IDENTIFIER = com.present.SeSac3SwiftUI;
				PRODUCT_NAME = "$(TARGET_NAME)";
				SWIFT_EMIT_LOC_STRINGS = YES;
				SWIFT_VERSION = 5.0;
				TARGETED_DEVICE_FAMILY = "1,2";
			};
			name = Debug;
		};
		2657F3A02B01A85A00E3A22E /* Release */ = {
			isa = XCBuildConfiguration;
			buildSettings = {
				ASSETCATALOG_COMPILER_APPICON_NAME = AppIcon;
				ASSETCATALOG_COMPILER_GLOBAL_ACCENT_COLOR_NAME = AccentColor;
				CODE_SIGN_STYLE = Automatic;
				CURRENT_PROJECT_VERSION = 1;
				DEVELOPMENT_ASSET_PATHS = "\"SeSac3SwiftUI/Preview Content\"";
				ENABLE_PREVIEWS = YES;
				GENERATE_INFOPLIST_FILE = YES;
				INFOPLIST_KEY_UIApplicationSceneManifest_Generation = YES;
				INFOPLIST_KEY_UIApplicationSupportsIndirectInputEvents = YES;
				INFOPLIST_KEY_UILaunchScreen_Generation = YES;
				INFOPLIST_KEY_UISupportedInterfaceOrientations_iPad = "UIInterfaceOrientationPortrait UIInterfaceOrientationPortraitUpsideDown UIInterfaceOrientationLandscapeLeft UIInterfaceOrientationLandscapeRight";
				INFOPLIST_KEY_UISupportedInterfaceOrientations_iPhone = "UIInterfaceOrientationPortrait UIInterfaceOrientationLandscapeLeft UIInterfaceOrientationLandscapeRight";
				LD_RUNPATH_SEARCH_PATHS = (
					"$(inherited)",
					"@executable_path/Frameworks",
				);
				MARKETING_VERSION = 1.0;
				PRODUCT_BUNDLE_IDENTIFIER = com.present.SeSac3SwiftUI;
				PRODUCT_NAME = "$(TARGET_NAME)";
				SWIFT_EMIT_LOC_STRINGS = YES;
				SWIFT_VERSION = 5.0;
				TARGETED_DEVICE_FAMILY = "1,2";
			};
			name = Release;
		};
/* End XCBuildConfiguration section */

/* Begin XCConfigurationList section */
		2657F38B2B01A85700E3A22E /* Build configuration list for PBXProject "SeSac3SwiftUI" */ = {
			isa = XCConfigurationList;
			buildConfigurations = (
				2657F39C2B01A85A00E3A22E /* Debug */,
				2657F39D2B01A85A00E3A22E /* Release */,
			);
			defaultConfigurationIsVisible = 0;
			defaultConfigurationName = Release;
		};
		2657F39E2B01A85A00E3A22E /* Build configuration list for PBXNativeTarget "SeSac3SwiftUI" */ = {
			isa = XCConfigurationList;
			buildConfigurations = (
				2657F39F2B01A85A00E3A22E /* Debug */,
				2657F3A02B01A85A00E3A22E /* Release */,
			);
			defaultConfigurationIsVisible = 0;
			defaultConfigurationName = Release;
		};
/* End XCConfigurationList section */
	};
	rootObject = 2657F3882B01A85700E3A22E /* Project object */;
}
